
Microsoft Visual Studio Solution File, Format Version 12.00
# Visual Studio Version 17
VisualStudioVersion = 17.3.32825.248
MinimumVisualStudioVersion = 10.0.40219.1
Project("{FAE04EC0-301F-11D3-BF4B-00C04F79EFBC}") = "OurFamily", "OurFamily\OurFamily.csproj", "{D3DDCF94-11DD-4204-A503-C93204526752}"
EndProject
Global
	GlobalSection(SolutionConfigurationPlatforms) = preSolution
		Debug|Any CPU = Debug|Any CPU
		Release|Any CPU = Release|Any CPU
	EndGlobalSection
	GlobalSection(ProjectConfigurationPlatforms) = postSolution
		{D3DDCF94-11DD-4204-A503-C93204526752}.Debug|Any CPU.ActiveCfg = Debug|Any CPU
		{D3DDCF94-11DD-4204-A503-C93204526752}.Debug|Any CPU.Build.0 = Debug|Any CPU
		{D3DDCF94-11DD-4204-A503-C93204526752}.Release|Any CPU.ActiveCfg = Release|Any CPU
		{D3DDCF94-11DD-4204-A503-C93204526752}.Release|Any CPU.Build.0 = Release|Any CPU
	EndGlobalSection
	GlobalSection(SolutionProperties) = preSolution
		HideSolutionNode = FALSE
	EndGlobalSection
	GlobalSection(ExtensibilityGlobals) = postSolution
		SolutionGuid = {D741D3F2-CD48-4232-A437-F48EE48AC693}
	EndGlobalSection
EndGlobal
